// !$*UTF8*$!
{
	archiveVersion = 1;
	classes = {
	};
	objectVersion = 56;
	objects = {

/* Begin PBXBuildFile section */
		344C714A2C13DA8F0013FA9A /* Extensions.swift in Sources */ = {isa = PBXBuildFile; fileRef = 344C71492C13DA8F0013FA9A /* Extensions.swift */; };
		344C714D2C13DB0D0013FA9A /* Poppins.swift in Sources */ = {isa = PBXBuildFile; fileRef = 344C714C2C13DB0D0013FA9A /* Poppins.swift */; };
		344C714F2C13FBE60013FA9A /* LoginView.swift in Sources */ = {isa = PBXBuildFile; fileRef = 344C714E2C13FBE50013FA9A /* LoginView.swift */; };
		344C71522C1402540013FA9A /* Images.swift in Sources */ = {isa = PBXBuildFile; fileRef = 344C71512C1402540013FA9A /* Images.swift */; };
		344C71542C1405470013FA9A /* TextField.swift in Sources */ = {isa = PBXBuildFile; fileRef = 344C71532C1405470013FA9A /* TextField.swift */; };
		344C71562C1408F60013FA9A /* LoginViewModel.swift in Sources */ = {isa = PBXBuildFile; fileRef = 344C71552C1408F60013FA9A /* LoginViewModel.swift */; };
		344C71582C14E54E0013FA9A /* NavigationBar.swift in Sources */ = {isa = PBXBuildFile; fileRef = 344C71572C14E54D0013FA9A /* NavigationBar.swift */; };
		344C715A2C15087D0013FA9A /* SingUpDivider.swift in Sources */ = {isa = PBXBuildFile; fileRef = 344C71592C15087D0013FA9A /* SingUpDivider.swift */; };
		344C715C2C150C4B0013FA9A /* AuthViewModel.swift in Sources */ = {isa = PBXBuildFile; fileRef = 344C715B2C150C4B0013FA9A /* AuthViewModel.swift */; };
		344C715E2C151E9A0013FA9A /* SignUpViewModel.swift in Sources */ = {isa = PBXBuildFile; fileRef = 344C715D2C151E9A0013FA9A /* SignUpViewModel.swift */; };
		344C71602C151EB00013FA9A /* SignUpView.swift in Sources */ = {isa = PBXBuildFile; fileRef = 344C715F2C151EB00013FA9A /* SignUpView.swift */; };
		344C71622C1538930013FA9A /* HomeView.swift in Sources */ = {isa = PBXBuildFile; fileRef = 344C71612C1538930013FA9A /* HomeView.swift */; };
		344C71642C1538AA0013FA9A /* HomeViewModel.swift in Sources */ = {isa = PBXBuildFile; fileRef = 344C71632C1538AA0013FA9A /* HomeViewModel.swift */; };
		344C71682C153E410013FA9A /* HomeRowView.swift in Sources */ = {isa = PBXBuildFile; fileRef = 344C71672C153E410013FA9A /* HomeRowView.swift */; };
		344C716B2C154C990013FA9A /* Factory in Frameworks */ = {isa = PBXBuildFile; productRef = 344C716A2C154C990013FA9A /* Factory */; };
		344C71752C154E130013FA9A /* MoviesUseCase.swift in Sources */ = {isa = PBXBuildFile; fileRef = 344C71742C154E130013FA9A /* MoviesUseCase.swift */; };
		344C717A2C1555A70013FA9A /* Movies.swift in Sources */ = {isa = PBXBuildFile; fileRef = 344C71792C1555A70013FA9A /* Movies.swift */; };
		344C717D2C1555F40013FA9A /* UseCaseContainer.swift in Sources */ = {isa = PBXBuildFile; fileRef = 344C717C2C1555F40013FA9A /* UseCaseContainer.swift */; };
		344C71842C1556D20013FA9A /* MovieRepository.swift in Sources */ = {isa = PBXBuildFile; fileRef = 344C71832C1556D20013FA9A /* MovieRepository.swift */; };
		344C71862C1557740013FA9A /* MovieRepositoryImpl.swift in Sources */ = {isa = PBXBuildFile; fileRef = 344C71852C1557740013FA9A /* MovieRepositoryImpl.swift */; };
		344C71882C15580F0013FA9A /* DataContainer.swift in Sources */ = {isa = PBXBuildFile; fileRef = 344C71872C15580F0013FA9A /* DataContainer.swift */; };
		344C718D2C1558ED0013FA9A /* Domains.swift in Sources */ = {isa = PBXBuildFile; fileRef = 344C718C2C1558ED0013FA9A /* Domains.swift */; };
		344C718F2C1559490013FA9A /* MovieRemoteDtaSource.swift in Sources */ = {isa = PBXBuildFile; fileRef = 344C718E2C1559490013FA9A /* MovieRemoteDtaSource.swift */; };
		344C71932C1559700013FA9A /* MovieRemoteDtaSourceImpl.swift in Sources */ = {isa = PBXBuildFile; fileRef = 344C71922C1559700013FA9A /* MovieRemoteDtaSourceImpl.swift */; };
		344C71952C155A8A0013FA9A /* NetworkContainer.swift in Sources */ = {isa = PBXBuildFile; fileRef = 344C71942C155A8A0013FA9A /* NetworkContainer.swift */; };
		344C71982C156BDF0013FA9A /* Alamofire in Frameworks */ = {isa = PBXBuildFile; productRef = 344C71972C156BDF0013FA9A /* Alamofire */; };
		344C719B2C167DE20013FA9A /* UTSettings.swift in Sources */ = {isa = PBXBuildFile; fileRef = 344C719A2C167DE10013FA9A /* UTSettings.swift */; };
		344C719E2C16990B0013FA9A /* Kingfisher in Frameworks */ = {isa = PBXBuildFile; productRef = 344C719D2C16990B0013FA9A /* Kingfisher */; };
		344C71A02C16A5A20013FA9A /* DiscoverRowView.swift in Sources */ = {isa = PBXBuildFile; fileRef = 344C719F2C16A5A10013FA9A /* DiscoverRowView.swift */; };
		3490D71B2C17D19E00C6CBB1 /* NavigationContainer.swift in Sources */ = {isa = PBXBuildFile; fileRef = 3490D71A2C17D19E00C6CBB1 /* NavigationContainer.swift */; };
		3490D71D2C17D3F700C6CBB1 /* MainNavigationCoordinator.swift in Sources */ = {isa = PBXBuildFile; fileRef = 3490D71C2C17D3F700C6CBB1 /* MainNavigationCoordinator.swift */; };
		3490D7212C17D41F00C6CBB1 /* MainCoordinator.swift in Sources */ = {isa = PBXBuildFile; fileRef = 3490D7202C17D41F00C6CBB1 /* MainCoordinator.swift */; };
		3490D7242C17DC9E00C6CBB1 /* Stinsen in Frameworks */ = {isa = PBXBuildFile; productRef = 3490D7232C17DC9E00C6CBB1 /* Stinsen */; };
		3490D7282C18BE8500C6CBB1 /* AuthContainer.swift in Sources */ = {isa = PBXBuildFile; fileRef = 3490D7272C18BE8500C6CBB1 /* AuthContainer.swift */; };
		3490D72A2C18BEAC00C6CBB1 /* AuthCoordinator.swift in Sources */ = {isa = PBXBuildFile; fileRef = 3490D7292C18BEAC00C6CBB1 /* AuthCoordinator.swift */; };
		3490D72C2C18C98B00C6CBB1 /* NavigationValues.swift in Sources */ = {isa = PBXBuildFile; fileRef = 3490D72B2C18C98B00C6CBB1 /* NavigationValues.swift */; };
		3490D7382C18DB1C00C6CBB1 /* HomeContainer.swift in Sources */ = {isa = PBXBuildFile; fileRef = 3490D7372C18DB1C00C6CBB1 /* HomeContainer.swift */; };
		3490D73A2C18DF2200C6CBB1 /* HomeCoordinator.swift in Sources */ = {isa = PBXBuildFile; fileRef = 3490D7392C18DF2200C6CBB1 /* HomeCoordinator.swift */; };
		3490D7442C19017200C6CBB1 /* UserDatastore.swift in Sources */ = {isa = PBXBuildFile; fileRef = 3490D7432C19017200C6CBB1 /* UserDatastore.swift */; };
		3490D7472C19114B00C6CBB1 /* UserDatastoreContainer.swift in Sources */ = {isa = PBXBuildFile; fileRef = 3490D7462C19114B00C6CBB1 /* UserDatastoreContainer.swift */; };
		3490D74A2C1917BF00C6CBB1 /* AuthService.swift in Sources */ = {isa = PBXBuildFile; fileRef = 3490D7492C1917BF00C6CBB1 /* AuthService.swift */; };
		3490D74F2C19DA5F00C6CBB1 /* MainView.swift in Sources */ = {isa = PBXBuildFile; fileRef = 3490D74E2C19DA5F00C6CBB1 /* MainView.swift */; };
		3490D7532C19DB1C00C6CBB1 /* Tab.swift in Sources */ = {isa = PBXBuildFile; fileRef = 3490D7522C19DB1C00C6CBB1 /* Tab.swift */; };
		3490D7582C19E0BA00C6CBB1 /* TabBarView.swift in Sources */ = {isa = PBXBuildFile; fileRef = 3490D7572C19E0BA00C6CBB1 /* TabBarView.swift */; };
		3490D75A2C19E17C00C6CBB1 /* Icon.swift in Sources */ = {isa = PBXBuildFile; fileRef = 3490D7592C19E17C00C6CBB1 /* Icon.swift */; };
		3490D7662C19E6A400C6CBB1 /* AccountView.swift in Sources */ = {isa = PBXBuildFile; fileRef = 3490D7652C19E6A400C6CBB1 /* AccountView.swift */; };
		3490D7682C19E6B800C6CBB1 /* TripsView.swift in Sources */ = {isa = PBXBuildFile; fileRef = 3490D7672C19E6B800C6CBB1 /* TripsView.swift */; };
		3490D76A2C19E75000C6CBB1 /* TripsContainer.swift in Sources */ = {isa = PBXBuildFile; fileRef = 3490D7692C19E75000C6CBB1 /* TripsContainer.swift */; };
		3490D76C2C19E76100C6CBB1 /* AccountContainer.swift in Sources */ = {isa = PBXBuildFile; fileRef = 3490D76B2C19E76100C6CBB1 /* AccountContainer.swift */; };
		3490D76E2C19E7AB00C6CBB1 /* TripsCoordinator.swift in Sources */ = {isa = PBXBuildFile; fileRef = 3490D76D2C19E7AB00C6CBB1 /* TripsCoordinator.swift */; };
		3490D7702C19E7BF00C6CBB1 /* AccountCoordinator.swift in Sources */ = {isa = PBXBuildFile; fileRef = 3490D76F2C19E7BF00C6CBB1 /* AccountCoordinator.swift */; };
		3490D7722C19EB9E00C6CBB1 /* DashboardCoordinator.swift in Sources */ = {isa = PBXBuildFile; fileRef = 3490D7712C19EB9E00C6CBB1 /* DashboardCoordinator.swift */; };
		3490D7752C1A266800C6CBB1 /* DashboardContainer.swift in Sources */ = {isa = PBXBuildFile; fileRef = 3490D7742C1A266800C6CBB1 /* DashboardContainer.swift */; };
		34A23EC92C13CC0800F7DC4F /* UnlimeTestApp.swift in Sources */ = {isa = PBXBuildFile; fileRef = 34A23EC82C13CC0800F7DC4F /* UnlimeTestApp.swift */; };
		34A23ECB2C13CC0800F7DC4F /* AuthView.swift in Sources */ = {isa = PBXBuildFile; fileRef = 34A23ECA2C13CC0800F7DC4F /* AuthView.swift */; };
		34A23ECD2C13CC0A00F7DC4F /* Assets.xcassets in Resources */ = {isa = PBXBuildFile; fileRef = 34A23ECC2C13CC0A00F7DC4F /* Assets.xcassets */; };
		34A23ED02C13CC0A00F7DC4F /* Preview Assets.xcassets in Resources */ = {isa = PBXBuildFile; fileRef = 34A23ECF2C13CC0A00F7DC4F /* Preview Assets.xcassets */; };
		34A23EE32C13D76700F7DC4F /* UIButton.swift in Sources */ = {isa = PBXBuildFile; fileRef = 34A23EE22C13D76700F7DC4F /* UIButton.swift */; };
/* End PBXBuildFile section */

/* Begin PBXFileReference section */
		344C71492C13DA8F0013FA9A /* Extensions.swift */ = {isa = PBXFileReference; lastKnownFileType = sourcecode.swift; path = Extensions.swift; sourceTree = "<group>"; };
		344C714C2C13DB0D0013FA9A /* Poppins.swift */ = {isa = PBXFileReference; lastKnownFileType = sourcecode.swift; path = Poppins.swift; sourceTree = "<group>"; };
		344C714E2C13FBE50013FA9A /* LoginView.swift */ = {isa = PBXFileReference; lastKnownFileType = sourcecode.swift; path = LoginView.swift; sourceTree = "<group>"; };
		344C71512C1402540013FA9A /* Images.swift */ = {isa = PBXFileReference; lastKnownFileType = sourcecode.swift; path = Images.swift; sourceTree = "<group>"; };
		344C71532C1405470013FA9A /* TextField.swift */ = {isa = PBXFileReference; lastKnownFileType = sourcecode.swift; path = TextField.swift; sourceTree = "<group>"; };
		344C71552C1408F60013FA9A /* LoginViewModel.swift */ = {isa = PBXFileReference; lastKnownFileType = sourcecode.swift; path = LoginViewModel.swift; sourceTree = "<group>"; };
		344C71572C14E54D0013FA9A /* NavigationBar.swift */ = {isa = PBXFileReference; lastKnownFileType = sourcecode.swift; path = NavigationBar.swift; sourceTree = "<group>"; };
		344C71592C15087D0013FA9A /* SingUpDivider.swift */ = {isa = PBXFileReference; lastKnownFileType = sourcecode.swift; path = SingUpDivider.swift; sourceTree = "<group>"; };
		344C715B2C150C4B0013FA9A /* AuthViewModel.swift */ = {isa = PBXFileReference; lastKnownFileType = sourcecode.swift; path = AuthViewModel.swift; sourceTree = "<group>"; };
		344C715D2C151E9A0013FA9A /* SignUpViewModel.swift */ = {isa = PBXFileReference; lastKnownFileType = sourcecode.swift; path = SignUpViewModel.swift; sourceTree = "<group>"; };
		344C715F2C151EB00013FA9A /* SignUpView.swift */ = {isa = PBXFileReference; lastKnownFileType = sourcecode.swift; path = SignUpView.swift; sourceTree = "<group>"; };
		344C71612C1538930013FA9A /* HomeView.swift */ = {isa = PBXFileReference; lastKnownFileType = sourcecode.swift; path = HomeView.swift; sourceTree = "<group>"; };
		344C71632C1538AA0013FA9A /* HomeViewModel.swift */ = {isa = PBXFileReference; lastKnownFileType = sourcecode.swift; path = HomeViewModel.swift; sourceTree = "<group>"; };
		344C71672C153E410013FA9A /* HomeRowView.swift */ = {isa = PBXFileReference; lastKnownFileType = sourcecode.swift; path = HomeRowView.swift; sourceTree = "<group>"; };
		344C71742C154E130013FA9A /* MoviesUseCase.swift */ = {isa = PBXFileReference; lastKnownFileType = sourcecode.swift; path = MoviesUseCase.swift; sourceTree = "<group>"; };
		344C71792C1555A70013FA9A /* Movies.swift */ = {isa = PBXFileReference; lastKnownFileType = sourcecode.swift; path = Movies.swift; sourceTree = "<group>"; };
		344C717C2C1555F40013FA9A /* UseCaseContainer.swift */ = {isa = PBXFileReference; lastKnownFileType = sourcecode.swift; path = UseCaseContainer.swift; sourceTree = "<group>"; };
		344C71832C1556D20013FA9A /* MovieRepository.swift */ = {isa = PBXFileReference; lastKnownFileType = sourcecode.swift; path = MovieRepository.swift; sourceTree = "<group>"; };
		344C71852C1557740013FA9A /* MovieRepositoryImpl.swift */ = {isa = PBXFileReference; lastKnownFileType = sourcecode.swift; path = MovieRepositoryImpl.swift; sourceTree = "<group>"; };
		344C71872C15580F0013FA9A /* DataContainer.swift */ = {isa = PBXFileReference; lastKnownFileType = sourcecode.swift; path = DataContainer.swift; sourceTree = "<group>"; };
		344C718C2C1558ED0013FA9A /* Domains.swift */ = {isa = PBXFileReference; lastKnownFileType = sourcecode.swift; path = Domains.swift; sourceTree = "<group>"; };
		344C718E2C1559490013FA9A /* MovieRemoteDtaSource.swift */ = {isa = PBXFileReference; lastKnownFileType = sourcecode.swift; path = MovieRemoteDtaSource.swift; sourceTree = "<group>"; };
		344C71922C1559700013FA9A /* MovieRemoteDtaSourceImpl.swift */ = {isa = PBXFileReference; lastKnownFileType = sourcecode.swift; path = MovieRemoteDtaSourceImpl.swift; sourceTree = "<group>"; };
		344C71942C155A8A0013FA9A /* NetworkContainer.swift */ = {isa = PBXFileReference; lastKnownFileType = sourcecode.swift; path = NetworkContainer.swift; sourceTree = "<group>"; };
		344C719A2C167DE10013FA9A /* UTSettings.swift */ = {isa = PBXFileReference; lastKnownFileType = sourcecode.swift; path = UTSettings.swift; sourceTree = "<group>"; };
		344C719F2C16A5A10013FA9A /* DiscoverRowView.swift */ = {isa = PBXFileReference; lastKnownFileType = sourcecode.swift; path = DiscoverRowView.swift; sourceTree = "<group>"; };
		3490D71A2C17D19E00C6CBB1 /* NavigationContainer.swift */ = {isa = PBXFileReference; lastKnownFileType = sourcecode.swift; path = NavigationContainer.swift; sourceTree = "<group>"; };
		3490D71C2C17D3F700C6CBB1 /* MainNavigationCoordinator.swift */ = {isa = PBXFileReference; lastKnownFileType = sourcecode.swift; path = MainNavigationCoordinator.swift; sourceTree = "<group>"; };
		3490D7202C17D41F00C6CBB1 /* MainCoordinator.swift */ = {isa = PBXFileReference; lastKnownFileType = sourcecode.swift; path = MainCoordinator.swift; sourceTree = "<group>"; };
		3490D7272C18BE8500C6CBB1 /* AuthContainer.swift */ = {isa = PBXFileReference; lastKnownFileType = sourcecode.swift; path = AuthContainer.swift; sourceTree = "<group>"; };
		3490D7292C18BEAC00C6CBB1 /* AuthCoordinator.swift */ = {isa = PBXFileReference; lastKnownFileType = sourcecode.swift; path = AuthCoordinator.swift; sourceTree = "<group>"; };
		3490D72B2C18C98B00C6CBB1 /* NavigationValues.swift */ = {isa = PBXFileReference; lastKnownFileType = sourcecode.swift; path = NavigationValues.swift; sourceTree = "<group>"; };
		3490D7372C18DB1C00C6CBB1 /* HomeContainer.swift */ = {isa = PBXFileReference; lastKnownFileType = sourcecode.swift; path = HomeContainer.swift; sourceTree = "<group>"; };
		3490D7392C18DF2200C6CBB1 /* HomeCoordinator.swift */ = {isa = PBXFileReference; lastKnownFileType = sourcecode.swift; path = HomeCoordinator.swift; sourceTree = "<group>"; };
		3490D7432C19017200C6CBB1 /* UserDatastore.swift */ = {isa = PBXFileReference; lastKnownFileType = sourcecode.swift; path = UserDatastore.swift; sourceTree = "<group>"; };
		3490D7462C19114B00C6CBB1 /* UserDatastoreContainer.swift */ = {isa = PBXFileReference; lastKnownFileType = sourcecode.swift; path = UserDatastoreContainer.swift; sourceTree = "<group>"; };
		3490D7492C1917BF00C6CBB1 /* AuthService.swift */ = {isa = PBXFileReference; lastKnownFileType = sourcecode.swift; path = AuthService.swift; sourceTree = "<group>"; };
		3490D74E2C19DA5F00C6CBB1 /* MainView.swift */ = {isa = PBXFileReference; lastKnownFileType = sourcecode.swift; path = MainView.swift; sourceTree = "<group>"; };
		3490D7522C19DB1C00C6CBB1 /* Tab.swift */ = {isa = PBXFileReference; lastKnownFileType = sourcecode.swift; path = Tab.swift; sourceTree = "<group>"; };
		3490D7572C19E0BA00C6CBB1 /* TabBarView.swift */ = {isa = PBXFileReference; lastKnownFileType = sourcecode.swift; path = TabBarView.swift; sourceTree = "<group>"; };
		3490D7592C19E17C00C6CBB1 /* Icon.swift */ = {isa = PBXFileReference; lastKnownFileType = sourcecode.swift; path = Icon.swift; sourceTree = "<group>"; };
		3490D7652C19E6A400C6CBB1 /* AccountView.swift */ = {isa = PBXFileReference; lastKnownFileType = sourcecode.swift; path = AccountView.swift; sourceTree = "<group>"; };
		3490D7672C19E6B800C6CBB1 /* TripsView.swift */ = {isa = PBXFileReference; lastKnownFileType = sourcecode.swift; path = TripsView.swift; sourceTree = "<group>"; };
		3490D7692C19E75000C6CBB1 /* TripsContainer.swift */ = {isa = PBXFileReference; lastKnownFileType = sourcecode.swift; path = TripsContainer.swift; sourceTree = "<group>"; };
		3490D76B2C19E76100C6CBB1 /* AccountContainer.swift */ = {isa = PBXFileReference; lastKnownFileType = sourcecode.swift; path = AccountContainer.swift; sourceTree = "<group>"; };
		3490D76D2C19E7AB00C6CBB1 /* TripsCoordinator.swift */ = {isa = PBXFileReference; lastKnownFileType = sourcecode.swift; path = TripsCoordinator.swift; sourceTree = "<group>"; };
		3490D76F2C19E7BF00C6CBB1 /* AccountCoordinator.swift */ = {isa = PBXFileReference; lastKnownFileType = sourcecode.swift; path = AccountCoordinator.swift; sourceTree = "<group>"; };
		3490D7712C19EB9E00C6CBB1 /* DashboardCoordinator.swift */ = {isa = PBXFileReference; lastKnownFileType = sourcecode.swift; path = DashboardCoordinator.swift; sourceTree = "<group>"; };
		3490D7742C1A266800C6CBB1 /* DashboardContainer.swift */ = {isa = PBXFileReference; lastKnownFileType = sourcecode.swift; path = DashboardContainer.swift; sourceTree = "<group>"; };
		34A23EC52C13CC0800F7DC4F /* UnlimeTest.app */ = {isa = PBXFileReference; explicitFileType = wrapper.application; includeInIndex = 0; path = UnlimeTest.app; sourceTree = BUILT_PRODUCTS_DIR; };
		34A23EC82C13CC0800F7DC4F /* UnlimeTestApp.swift */ = {isa = PBXFileReference; lastKnownFileType = sourcecode.swift; path = UnlimeTestApp.swift; sourceTree = "<group>"; };
		34A23ECA2C13CC0800F7DC4F /* AuthView.swift */ = {isa = PBXFileReference; lastKnownFileType = sourcecode.swift; path = AuthView.swift; sourceTree = "<group>"; };
		34A23ECC2C13CC0A00F7DC4F /* Assets.xcassets */ = {isa = PBXFileReference; lastKnownFileType = folder.assetcatalog; path = Assets.xcassets; sourceTree = "<group>"; };
		34A23ECF2C13CC0A00F7DC4F /* Preview Assets.xcassets */ = {isa = PBXFileReference; lastKnownFileType = folder.assetcatalog; path = "Preview Assets.xcassets"; sourceTree = "<group>"; };
		34A23EE22C13D76700F7DC4F /* UIButton.swift */ = {isa = PBXFileReference; lastKnownFileType = sourcecode.swift; path = UIButton.swift; sourceTree = "<group>"; };
/* End PBXFileReference section */

/* Begin PBXFrameworksBuildPhase section */
		34A23EC22C13CC0800F7DC4F /* Frameworks */ = {
			isa = PBXFrameworksBuildPhase;
			buildActionMask = 2147483647;
			files = (
				344C719E2C16990B0013FA9A /* Kingfisher in Frameworks */,
				344C716B2C154C990013FA9A /* Factory in Frameworks */,
				344C71982C156BDF0013FA9A /* Alamofire in Frameworks */,
				3490D7242C17DC9E00C6CBB1 /* Stinsen in Frameworks */,
			);
			runOnlyForDeploymentPostprocessing = 0;
		};
/* End PBXFrameworksBuildPhase section */

/* Begin PBXGroup section */
		344C714B2C13DAD70013FA9A /* Fonts */ = {
			isa = PBXGroup;
			children = (
				344C714C2C13DB0D0013FA9A /* Poppins.swift */,
			);
			path = Fonts;
			sourceTree = "<group>";
		};
		344C71502C1402430013FA9A /* Images */ = {
			isa = PBXGroup;
			children = (
				344C71512C1402540013FA9A /* Images.swift */,
			);
			path = Images;
			sourceTree = "<group>";
		};
		344C71652C1538AE0013FA9A /* Home */ = {
			isa = PBXGroup;
			children = (
				3490D72E2C18D2F900C6CBB1 /* DI */,
				3490D72D2C18D2EC00C6CBB1 /* Navigation */,
				344C71662C153E160013FA9A /* HomeRow */,
				3490D75D2C19E57000C6CBB1 /* View */,
			);
			path = Home;
			sourceTree = "<group>";
		};
		344C71662C153E160013FA9A /* HomeRow */ = {
			isa = PBXGroup;
			children = (
				344C71672C153E410013FA9A /* HomeRowView.swift */,
				344C719F2C16A5A10013FA9A /* DiscoverRowView.swift */,
			);
			path = HomeRow;
			sourceTree = "<group>";
		};
		344C71712C154DDD0013FA9A /* Domain */ = {
			isa = PBXGroup;
			children = (
				344C71722C154DE70013FA9A /* UseCases */,
				344C717B2C1555E60013FA9A /* DI */,
			);
			path = Domain;
			sourceTree = "<group>";
		};
		344C71722C154DE70013FA9A /* UseCases */ = {
			isa = PBXGroup;
			children = (
				344C71742C154E130013FA9A /* MoviesUseCase.swift */,
			);
			path = UseCases;
			sourceTree = "<group>";
		};
		344C71762C15553D0013FA9A /* Model */ = {
			isa = PBXGroup;
			children = (
				344C71792C1555A70013FA9A /* Movies.swift */,
			);
			path = Model;
			sourceTree = "<group>";
		};
		344C717B2C1555E60013FA9A /* DI */ = {
			isa = PBXGroup;
			children = (
				344C717C2C1555F40013FA9A /* UseCaseContainer.swift */,
			);
			path = DI;
			sourceTree = "<group>";
		};
		344C71802C15567C0013FA9A /* Data */ = {
			isa = PBXGroup;
			children = (
				344C71812C15568F0013FA9A /* DI */,
				344C71822C1556960013FA9A /* Repository */,
			);
			path = Data;
			sourceTree = "<group>";
		};
		344C71812C15568F0013FA9A /* DI */ = {
			isa = PBXGroup;
			children = (
				344C71872C15580F0013FA9A /* DataContainer.swift */,
			);
			path = DI;
			sourceTree = "<group>";
		};
		344C71822C1556960013FA9A /* Repository */ = {
			isa = PBXGroup;
			children = (
				344C71832C1556D20013FA9A /* MovieRepository.swift */,
				344C71852C1557740013FA9A /* MovieRepositoryImpl.swift */,
			);
			path = Repository;
			sourceTree = "<group>";
		};
		344C71892C1558750013FA9A /* Domains */ = {
			isa = PBXGroup;
			children = (
				344C718C2C1558ED0013FA9A /* Domains.swift */,
			);
			path = Domains;
			sourceTree = "<group>";
		};
		344C718A2C1558860013FA9A /* DataSources */ = {
			isa = PBXGroup;
			children = (
				344C718E2C1559490013FA9A /* MovieRemoteDtaSource.swift */,
				344C71922C1559700013FA9A /* MovieRemoteDtaSourceImpl.swift */,
			);
			path = DataSources;
			sourceTree = "<group>";
		};
		344C718B2C15589C0013FA9A /* DI */ = {
			isa = PBXGroup;
			children = (
				344C71942C155A8A0013FA9A /* NetworkContainer.swift */,
			);
			path = DI;
			sourceTree = "<group>";
		};
		344C71992C167DBB0013FA9A /* Settings */ = {
			isa = PBXGroup;
			children = (
				344C719A2C167DE10013FA9A /* UTSettings.swift */,
			);
			path = Settings;
			sourceTree = "<group>";
		};
		3490D7172C17D09900C6CBB1 /* Navigation */ = {
			isa = PBXGroup;
			children = (
				3490D7182C17D0AE00C6CBB1 /* Main */,
				3490D7192C17D0B500C6CBB1 /* DI */,
			);
			path = Navigation;
			sourceTree = "<group>";
		};
		3490D7182C17D0AE00C6CBB1 /* Main */ = {
			isa = PBXGroup;
			children = (
				3490D72B2C18C98B00C6CBB1 /* NavigationValues.swift */,
				3490D7202C17D41F00C6CBB1 /* MainCoordinator.swift */,
				3490D71C2C17D3F700C6CBB1 /* MainNavigationCoordinator.swift */,
			);
			path = Main;
			sourceTree = "<group>";
		};
		3490D7192C17D0B500C6CBB1 /* DI */ = {
			isa = PBXGroup;
			children = (
				3490D71A2C17D19E00C6CBB1 /* NavigationContainer.swift */,
			);
			path = DI;
			sourceTree = "<group>";
		};
		3490D7252C17DD7700C6CBB1 /* DI */ = {
			isa = PBXGroup;
			children = (
				3490D7272C18BE8500C6CBB1 /* AuthContainer.swift */,
			);
			path = DI;
			sourceTree = "<group>";
		};
		3490D7262C17DD7F00C6CBB1 /* Navigation */ = {
			isa = PBXGroup;
			children = (
				3490D7292C18BEAC00C6CBB1 /* AuthCoordinator.swift */,
			);
			path = Navigation;
			sourceTree = "<group>";
		};
		3490D72D2C18D2EC00C6CBB1 /* Navigation */ = {
			isa = PBXGroup;
			children = (
				3490D7392C18DF2200C6CBB1 /* HomeCoordinator.swift */,
			);
			path = Navigation;
			sourceTree = "<group>";
		};
		3490D72E2C18D2F900C6CBB1 /* DI */ = {
			isa = PBXGroup;
			children = (
				3490D7372C18DB1C00C6CBB1 /* HomeContainer.swift */,
			);
			path = DI;
			sourceTree = "<group>";
		};
		3490D7352C18D54F00C6CBB1 /* View */ = {
			isa = PBXGroup;
			children = (
				344C71552C1408F60013FA9A /* LoginViewModel.swift */,
				344C714E2C13FBE50013FA9A /* LoginView.swift */,
			);
			path = View;
			sourceTree = "<group>";
		};
		3490D7362C18D5A800C6CBB1 /* View */ = {
			isa = PBXGroup;
			children = (
				344C715B2C150C4B0013FA9A /* AuthViewModel.swift */,
				34A23ECA2C13CC0800F7DC4F /* AuthView.swift */,
			);
			path = View;
			sourceTree = "<group>";
		};
		3490D73B2C18E3CD00C6CBB1 /* View */ = {
			isa = PBXGroup;
			children = (
				344C715D2C151E9A0013FA9A /* SignUpViewModel.swift */,
				344C715F2C151EB00013FA9A /* SignUpView.swift */,
			);
			path = View;
			sourceTree = "<group>";
		};
		3490D7422C19016200C6CBB1 /* UserDatastore */ = {
			isa = PBXGroup;
			children = (
				3490D7452C19112A00C6CBB1 /* DI */,
				3490D7432C19017200C6CBB1 /* UserDatastore.swift */,
			);
			path = UserDatastore;
			sourceTree = "<group>";
		};
		3490D7452C19112A00C6CBB1 /* DI */ = {
			isa = PBXGroup;
			children = (
				3490D7462C19114B00C6CBB1 /* UserDatastoreContainer.swift */,
			);
			path = DI;
			sourceTree = "<group>";
		};
		3490D74B2C19DA1700C6CBB1 /* Main */ = {
			isa = PBXGroup;
			children = (
				3490D7732C1A264E00C6CBB1 /* DI */,
				3490D74D2C19DA2B00C6CBB1 /* Navigation */,
				3490D7502C19DA6A00C6CBB1 /* View */,
			);
			path = Main;
			sourceTree = "<group>";
		};
		3490D74D2C19DA2B00C6CBB1 /* Navigation */ = {
			isa = PBXGroup;
			children = (
				3490D7712C19EB9E00C6CBB1 /* DashboardCoordinator.swift */,
			);
			path = Navigation;
			sourceTree = "<group>";
		};
		3490D7502C19DA6A00C6CBB1 /* View */ = {
			isa = PBXGroup;
			children = (
				3490D74E2C19DA5F00C6CBB1 /* MainView.swift */,
			);
			path = View;
			sourceTree = "<group>";
		};
		3490D7512C19DB0400C6CBB1 /* TabBar */ = {
			isa = PBXGroup;
			children = (
				3490D7522C19DB1C00C6CBB1 /* Tab.swift */,
				3490D7572C19E0BA00C6CBB1 /* TabBarView.swift */,
			);
			path = TabBar;
			sourceTree = "<group>";
		};
		3490D75B2C19E52D00C6CBB1 /* Trips */ = {
			isa = PBXGroup;
			children = (
				3490D75F2C19E62E00C6CBB1 /* DI */,
				3490D7602C19E63400C6CBB1 /* Navigation */,
				3490D7612C19E65400C6CBB1 /* View */,
			);
			path = Trips;
			sourceTree = "<group>";
		};
		3490D75C2C19E56000C6CBB1 /* Account */ = {
			isa = PBXGroup;
			children = (
				3490D7622C19E66300C6CBB1 /* DI */,
				3490D7632C19E66D00C6CBB1 /* Navigation */,
				3490D7642C19E67D00C6CBB1 /* View */,
			);
			path = Account;
			sourceTree = "<group>";
		};
		3490D75D2C19E57000C6CBB1 /* View */ = {
			isa = PBXGroup;
			children = (
				344C71632C1538AA0013FA9A /* HomeViewModel.swift */,
				344C71612C1538930013FA9A /* HomeView.swift */,
			);
			path = View;
			sourceTree = "<group>";
		};
		3490D75E2C19E59100C6CBB1 /* Dashboard */ = {
			isa = PBXGroup;
			children = (
				3490D74B2C19DA1700C6CBB1 /* Main */,
				3490D75B2C19E52D00C6CBB1 /* Trips */,
				3490D75C2C19E56000C6CBB1 /* Account */,
				344C71652C1538AE0013FA9A /* Home */,
			);
			path = Dashboard;
			sourceTree = "<group>";
		};
		3490D75F2C19E62E00C6CBB1 /* DI */ = {
			isa = PBXGroup;
			children = (
				3490D7692C19E75000C6CBB1 /* TripsContainer.swift */,
			);
			path = DI;
			sourceTree = "<group>";
		};
		3490D7602C19E63400C6CBB1 /* Navigation */ = {
			isa = PBXGroup;
			children = (
				3490D76D2C19E7AB00C6CBB1 /* TripsCoordinator.swift */,
			);
			path = Navigation;
			sourceTree = "<group>";
		};
		3490D7612C19E65400C6CBB1 /* View */ = {
			isa = PBXGroup;
			children = (
				3490D7672C19E6B800C6CBB1 /* TripsView.swift */,
			);
			path = View;
			sourceTree = "<group>";
		};
		3490D7622C19E66300C6CBB1 /* DI */ = {
			isa = PBXGroup;
			children = (
				3490D76B2C19E76100C6CBB1 /* AccountContainer.swift */,
			);
			path = DI;
			sourceTree = "<group>";
		};
		3490D7632C19E66D00C6CBB1 /* Navigation */ = {
			isa = PBXGroup;
			children = (
				3490D76F2C19E7BF00C6CBB1 /* AccountCoordinator.swift */,
			);
			path = Navigation;
			sourceTree = "<group>";
		};
		3490D7642C19E67D00C6CBB1 /* View */ = {
			isa = PBXGroup;
			children = (
				3490D7652C19E6A400C6CBB1 /* AccountView.swift */,
			);
			path = View;
			sourceTree = "<group>";
		};
		3490D7732C1A264E00C6CBB1 /* DI */ = {
			isa = PBXGroup;
			children = (
				3490D7742C1A266800C6CBB1 /* DashboardContainer.swift */,
			);
			path = DI;
			sourceTree = "<group>";
		};
		34A23EBC2C13CC0800F7DC4F = {
			isa = PBXGroup;
			children = (
				34A23EC72C13CC0800F7DC4F /* UnlimeTest */,
				34A23EC62C13CC0800F7DC4F /* Products */,
			);
			sourceTree = "<group>";
		};
		34A23EC62C13CC0800F7DC4F /* Products */ = {
			isa = PBXGroup;
			children = (
				34A23EC52C13CC0800F7DC4F /* UnlimeTest.app */,
			);
			name = Products;
			sourceTree = "<group>";
		};
		34A23EC72C13CC0800F7DC4F /* UnlimeTest */ = {
			isa = PBXGroup;
			children = (
				34A23ED62C13CC6800F7DC4F /* SupportingFiles */,
				34A23ED82C13CCAB00F7DC4F /* Feature */,
				34A23ED92C13CCD200F7DC4F /* Core */,
				34A23EC82C13CC0800F7DC4F /* UnlimeTestApp.swift */,
				34A23ECE2C13CC0A00F7DC4F /* Preview Content */,
			);
			path = UnlimeTest;
			sourceTree = "<group>";
		};
		34A23ECE2C13CC0A00F7DC4F /* Preview Content */ = {
			isa = PBXGroup;
			children = (
				34A23ECF2C13CC0A00F7DC4F /* Preview Assets.xcassets */,
			);
			path = "Preview Content";
			sourceTree = "<group>";
		};
		34A23ED62C13CC6800F7DC4F /* SupportingFiles */ = {
			isa = PBXGroup;
			children = (
				34A23ECC2C13CC0A00F7DC4F /* Assets.xcassets */,
			);
			path = SupportingFiles;
			sourceTree = "<group>";
		};
		34A23ED82C13CCAB00F7DC4F /* Feature */ = {
			isa = PBXGroup;
			children = (
				3490D75E2C19E59100C6CBB1 /* Dashboard */,
				34A23EDD2C13CE3200F7DC4F /* Auth */,
			);
			path = Feature;
			sourceTree = "<group>";
		};
		34A23ED92C13CCD200F7DC4F /* Core */ = {
			isa = PBXGroup;
			children = (
				3490D7422C19016200C6CBB1 /* UserDatastore */,
				3490D7172C17D09900C6CBB1 /* Navigation */,
				34A23EDA2C13CD1200F7DC4F /* UI */,
				344C71802C15567C0013FA9A /* Data */,
				34A23EDC2C13CD4C00F7DC4F /* Network */,
				344C71712C154DDD0013FA9A /* Domain */,
				344C71762C15553D0013FA9A /* Model */,
			);
			path = Core;
			sourceTree = "<group>";
		};
		34A23EDA2C13CD1200F7DC4F /* UI */ = {
			isa = PBXGroup;
			children = (
				344C71992C167DBB0013FA9A /* Settings */,
				34A23EE12C13D73B00F7DC4F /* DesignSystem */,
				344C71502C1402430013FA9A /* Images */,
				344C714B2C13DAD70013FA9A /* Fonts */,
				34A23EDB2C13CD1B00F7DC4F /* Extensions */,
			);
			path = UI;
			sourceTree = "<group>";
		};
		34A23EDB2C13CD1B00F7DC4F /* Extensions */ = {
			isa = PBXGroup;
			children = (
				344C71492C13DA8F0013FA9A /* Extensions.swift */,
			);
			path = Extensions;
			sourceTree = "<group>";
		};
		34A23EDC2C13CD4C00F7DC4F /* Network */ = {
			isa = PBXGroup;
			children = (
				344C71892C1558750013FA9A /* Domains */,
				344C718A2C1558860013FA9A /* DataSources */,
				344C718B2C15589C0013FA9A /* DI */,
			);
			path = Network;
			sourceTree = "<group>";
		};
		34A23EDD2C13CE3200F7DC4F /* Auth */ = {
			isa = PBXGroup;
			children = (
				34A23EE02C13CF6700F7DC4F /* Auth */,
				34A23EDF2C13CF3E00F7DC4F /* SignUp */,
				34A23EDE2C13CF3700F7DC4F /* Login */,
			);
			path = Auth;
			sourceTree = "<group>";
		};
		34A23EDE2C13CF3700F7DC4F /* Login */ = {
			isa = PBXGroup;
			children = (
				3490D7352C18D54F00C6CBB1 /* View */,
			);
			path = Login;
			sourceTree = "<group>";
		};
		34A23EDF2C13CF3E00F7DC4F /* SignUp */ = {
			isa = PBXGroup;
			children = (
				3490D73B2C18E3CD00C6CBB1 /* View */,
			);
			path = SignUp;
			sourceTree = "<group>";
		};
		34A23EE02C13CF6700F7DC4F /* Auth */ = {
			isa = PBXGroup;
			children = (
				3490D7252C17DD7700C6CBB1 /* DI */,
				3490D7262C17DD7F00C6CBB1 /* Navigation */,
				3490D7362C18D5A800C6CBB1 /* View */,
			);
			path = Auth;
			sourceTree = "<group>";
		};
		34A23EE12C13D73B00F7DC4F /* DesignSystem */ = {
			isa = PBXGroup;
			children = (
				3490D7512C19DB0400C6CBB1 /* TabBar */,
				34A23EE22C13D76700F7DC4F /* UIButton.swift */,
				344C71532C1405470013FA9A /* TextField.swift */,
				344C71572C14E54D0013FA9A /* NavigationBar.swift */,
				344C71592C15087D0013FA9A /* SingUpDivider.swift */,
				3490D7492C1917BF00C6CBB1 /* AuthService.swift */,
				3490D7592C19E17C00C6CBB1 /* Icon.swift */,
			);
			path = DesignSystem;
			sourceTree = "<group>";
		};
/* End PBXGroup section */

/* Begin PBXNativeTarget section */
		34A23EC42C13CC0800F7DC4F /* UnlimeTest */ = {
			isa = PBXNativeTarget;
			buildConfigurationList = 34A23ED32C13CC0A00F7DC4F /* Build configuration list for PBXNativeTarget "UnlimeTest" */;
			buildPhases = (
				34A23EC12C13CC0800F7DC4F /* Sources */,
				34A23EC22C13CC0800F7DC4F /* Frameworks */,
				34A23EC32C13CC0800F7DC4F /* Resources */,
			);
			buildRules = (
			);
			dependencies = (
			);
			name = UnlimeTest;
			packageProductDependencies = (
				344C716A2C154C990013FA9A /* Factory */,
				344C71972C156BDF0013FA9A /* Alamofire */,
				344C719D2C16990B0013FA9A /* Kingfisher */,
				3490D7232C17DC9E00C6CBB1 /* Stinsen */,
			);
			productName = UnlimeTest;
			productReference = 34A23EC52C13CC0800F7DC4F /* UnlimeTest.app */;
			productType = "com.apple.product-type.application";
		};
/* End PBXNativeTarget section */

/* Begin PBXProject section */
		34A23EBD2C13CC0800F7DC4F /* Project object */ = {
			isa = PBXProject;
			attributes = {
				BuildIndependentTargetsInParallel = 1;
				LastSwiftUpdateCheck = 1540;
				LastUpgradeCheck = 1540;
				TargetAttributes = {
					34A23EC42C13CC0800F7DC4F = {
						CreatedOnToolsVersion = 15.4;
					};
				};
			};
			buildConfigurationList = 34A23EC02C13CC0800F7DC4F /* Build configuration list for PBXProject "UnlimeTest" */;
			compatibilityVersion = "Xcode 14.0";
			developmentRegion = en;
			hasScannedForEncodings = 0;
			knownRegions = (
				en,
				Base,
			);
			mainGroup = 34A23EBC2C13CC0800F7DC4F;
			packageReferences = (
				344C71692C154C980013FA9A /* XCRemoteSwiftPackageReference "Factory" */,
				344C71962C156BDE0013FA9A /* XCRemoteSwiftPackageReference "Alamofire" */,
				344C719C2C16990B0013FA9A /* XCRemoteSwiftPackageReference "Kingfisher" */,
				3490D7222C17DC9E00C6CBB1 /* XCRemoteSwiftPackageReference "stinsen" */,
			);
			productRefGroup = 34A23EC62C13CC0800F7DC4F /* Products */;
			projectDirPath = "";
			projectRoot = "";
			targets = (
				34A23EC42C13CC0800F7DC4F /* UnlimeTest */,
			);
		};
/* End PBXProject section */

/* Begin PBXResourcesBuildPhase section */
		34A23EC32C13CC0800F7DC4F /* Resources */ = {
			isa = PBXResourcesBuildPhase;
			buildActionMask = 2147483647;
			files = (
				34A23ED02C13CC0A00F7DC4F /* Preview Assets.xcassets in Resources */,
				34A23ECD2C13CC0A00F7DC4F /* Assets.xcassets in Resources */,
			);
			runOnlyForDeploymentPostprocessing = 0;
		};
/* End PBXResourcesBuildPhase section */

/* Begin PBXSourcesBuildPhase section */
		34A23EC12C13CC0800F7DC4F /* Sources */ = {
			isa = PBXSourcesBuildPhase;
			buildActionMask = 2147483647;
			files = (
				344C71952C155A8A0013FA9A /* NetworkContainer.swift in Sources */,
				344C71522C1402540013FA9A /* Images.swift in Sources */,
				344C717D2C1555F40013FA9A /* UseCaseContainer.swift in Sources */,
				34A23ECB2C13CC0800F7DC4F /* AuthView.swift in Sources */,
				3490D7702C19E7BF00C6CBB1 /* AccountCoordinator.swift in Sources */,
				3490D72A2C18BEAC00C6CBB1 /* AuthCoordinator.swift in Sources */,
				344C715A2C15087D0013FA9A /* SingUpDivider.swift in Sources */,
				344C71642C1538AA0013FA9A /* HomeViewModel.swift in Sources */,
				3490D74A2C1917BF00C6CBB1 /* AuthService.swift in Sources */,
				344C71622C1538930013FA9A /* HomeView.swift in Sources */,
				3490D73A2C18DF2200C6CBB1 /* HomeCoordinator.swift in Sources */,
				3490D75A2C19E17C00C6CBB1 /* Icon.swift in Sources */,
				34A23EC92C13CC0800F7DC4F /* UnlimeTestApp.swift in Sources */,
				3490D7382C18DB1C00C6CBB1 /* HomeContainer.swift in Sources */,
				344C71752C154E130013FA9A /* MoviesUseCase.swift in Sources */,
				344C71882C15580F0013FA9A /* DataContainer.swift in Sources */,
				344C71542C1405470013FA9A /* TextField.swift in Sources */,
				344C718F2C1559490013FA9A /* MovieRemoteDtaSource.swift in Sources */,
				344C71562C1408F60013FA9A /* LoginViewModel.swift in Sources */,
				3490D74F2C19DA5F00C6CBB1 /* MainView.swift in Sources */,
				3490D76A2C19E75000C6CBB1 /* TripsContainer.swift in Sources */,
				344C71A02C16A5A20013FA9A /* DiscoverRowView.swift in Sources */,
				3490D7752C1A266800C6CBB1 /* DashboardContainer.swift in Sources */,
				3490D7472C19114B00C6CBB1 /* UserDatastoreContainer.swift in Sources */,
				344C718D2C1558ED0013FA9A /* Domains.swift in Sources */,
				3490D7212C17D41F00C6CBB1 /* MainCoordinator.swift in Sources */,
				344C71582C14E54E0013FA9A /* NavigationBar.swift in Sources */,
				3490D7662C19E6A400C6CBB1 /* AccountView.swift in Sources */,
				3490D7282C18BE8500C6CBB1 /* AuthContainer.swift in Sources */,
				3490D7722C19EB9E00C6CBB1 /* DashboardCoordinator.swift in Sources */,
				344C71842C1556D20013FA9A /* MovieRepository.swift in Sources */,
				344C714D2C13DB0D0013FA9A /* Poppins.swift in Sources */,
				344C715E2C151E9A0013FA9A /* SignUpViewModel.swift in Sources */,
				3490D7532C19DB1C00C6CBB1 /* Tab.swift in Sources */,
				344C715C2C150C4B0013FA9A /* AuthViewModel.swift in Sources */,
				344C71682C153E410013FA9A /* HomeRowView.swift in Sources */,
				3490D76C2C19E76100C6CBB1 /* AccountContainer.swift in Sources */,
				3490D71B2C17D19E00C6CBB1 /* NavigationContainer.swift in Sources */,
				3490D71D2C17D3F700C6CBB1 /* MainNavigationCoordinator.swift in Sources */,
				3490D7442C19017200C6CBB1 /* UserDatastore.swift in Sources */,
				344C71932C1559700013FA9A /* MovieRemoteDtaSourceImpl.swift in Sources */,
				344C71602C151EB00013FA9A /* SignUpView.swift in Sources */,
				3490D7582C19E0BA00C6CBB1 /* TabBarView.swift in Sources */,
				34A23EE32C13D76700F7DC4F /* UIButton.swift in Sources */,
				344C71862C1557740013FA9A /* MovieRepositoryImpl.swift in Sources */,
				344C717A2C1555A70013FA9A /* Movies.swift in Sources */,
				3490D7682C19E6B800C6CBB1 /* TripsView.swift in Sources */,
				344C719B2C167DE20013FA9A /* UTSettings.swift in Sources */,
				3490D76E2C19E7AB00C6CBB1 /* TripsCoordinator.swift in Sources */,
				344C714F2C13FBE60013FA9A /* LoginView.swift in Sources */,
				3490D72C2C18C98B00C6CBB1 /* NavigationValues.swift in Sources */,
				344C714A2C13DA8F0013FA9A /* Extensions.swift in Sources */,
			);
			runOnlyForDeploymentPostprocessing = 0;
		};
/* End PBXSourcesBuildPhase section */

/* Begin XCBuildConfiguration section */
		34A23ED12C13CC0A00F7DC4F /* Debug */ = {
			isa = XCBuildConfiguration;
			buildSettings = {
				ALWAYS_SEARCH_USER_PATHS = NO;
				ASSETCATALOG_COMPILER_GENERATE_SWIFT_ASSET_SYMBOL_EXTENSIONS = YES;
				CLANG_ANALYZER_NONNULL = YES;
				CLANG_ANALYZER_NUMBER_OBJECT_CONVERSION = YES_AGGRESSIVE;
				CLANG_CXX_LANGUAGE_STANDARD = "gnu++20";
				CLANG_ENABLE_MODULES = YES;
				CLANG_ENABLE_OBJC_ARC = YES;
				CLANG_ENABLE_OBJC_WEAK = YES;
				CLANG_WARN_BLOCK_CAPTURE_AUTORELEASING = YES;
				CLANG_WARN_BOOL_CONVERSION = YES;
				CLANG_WARN_COMMA = YES;
				CLANG_WARN_CONSTANT_CONVERSION = YES;
				CLANG_WARN_DEPRECATED_OBJC_IMPLEMENTATIONS = YES;
				CLANG_WARN_DIRECT_OBJC_ISA_USAGE = YES_ERROR;
				CLANG_WARN_DOCUMENTATION_COMMENTS = YES;
				CLANG_WARN_EMPTY_BODY = YES;
				CLANG_WARN_ENUM_CONVERSION = YES;
				CLANG_WARN_INFINITE_RECURSION = YES;
				CLANG_WARN_INT_CONVERSION = YES;
				CLANG_WARN_NON_LITERAL_NULL_CONVERSION = YES;
				CLANG_WARN_OBJC_IMPLICIT_RETAIN_SELF = YES;
				CLANG_WARN_OBJC_LITERAL_CONVERSION = YES;
				CLANG_WARN_OBJC_ROOT_CLASS = YES_ERROR;
				CLANG_WARN_QUOTED_INCLUDE_IN_FRAMEWORK_HEADER = YES;
				CLANG_WARN_RANGE_LOOP_ANALYSIS = YES;
				CLANG_WARN_STRICT_PROTOTYPES = YES;
				CLANG_WARN_SUSPICIOUS_MOVE = YES;
				CLANG_WARN_UNGUARDED_AVAILABILITY = YES_AGGRESSIVE;
				CLANG_WARN_UNREACHABLE_CODE = YES;
				CLANG_WARN__DUPLICATE_METHOD_MATCH = YES;
				COPY_PHASE_STRIP = NO;
				DEBUG_INFORMATION_FORMAT = dwarf;
				ENABLE_STRICT_OBJC_MSGSEND = YES;
				ENABLE_TESTABILITY = YES;
				ENABLE_USER_SCRIPT_SANDBOXING = YES;
				GCC_C_LANGUAGE_STANDARD = gnu17;
				GCC_DYNAMIC_NO_PIC = NO;
				GCC_NO_COMMON_BLOCKS = YES;
				GCC_OPTIMIZATION_LEVEL = 0;
				GCC_PREPROCESSOR_DEFINITIONS = (
					"DEBUG=1",
					"$(inherited)",
				);
				GCC_WARN_64_TO_32_BIT_CONVERSION = YES;
				GCC_WARN_ABOUT_RETURN_TYPE = YES_ERROR;
				GCC_WARN_UNDECLARED_SELECTOR = YES;
				GCC_WARN_UNINITIALIZED_AUTOS = YES_AGGRESSIVE;
				GCC_WARN_UNUSED_FUNCTION = YES;
				GCC_WARN_UNUSED_VARIABLE = YES;
				IPHONEOS_DEPLOYMENT_TARGET = 17.5;
				LOCALIZATION_PREFERS_STRING_CATALOGS = YES;
				MTL_ENABLE_DEBUG_INFO = INCLUDE_SOURCE;
				MTL_FAST_MATH = YES;
				ONLY_ACTIVE_ARCH = YES;
				SDKROOT = iphoneos;
				SWIFT_ACTIVE_COMPILATION_CONDITIONS = "DEBUG $(inherited)";
				SWIFT_OPTIMIZATION_LEVEL = "-Onone";
			};
			name = Debug;
		};
		34A23ED22C13CC0A00F7DC4F /* Release */ = {
			isa = XCBuildConfiguration;
			buildSettings = {
				ALWAYS_SEARCH_USER_PATHS = NO;
				ASSETCATALOG_COMPILER_GENERATE_SWIFT_ASSET_SYMBOL_EXTENSIONS = YES;
				CLANG_ANALYZER_NONNULL = YES;
				CLANG_ANALYZER_NUMBER_OBJECT_CONVERSION = YES_AGGRESSIVE;
				CLANG_CXX_LANGUAGE_STANDARD = "gnu++20";
				CLANG_ENABLE_MODULES = YES;
				CLANG_ENABLE_OBJC_ARC = YES;
				CLANG_ENABLE_OBJC_WEAK = YES;
				CLANG_WARN_BLOCK_CAPTURE_AUTORELEASING = YES;
				CLANG_WARN_BOOL_CONVERSION = YES;
				CLANG_WARN_COMMA = YES;
				CLANG_WARN_CONSTANT_CONVERSION = YES;
				CLANG_WARN_DEPRECATED_OBJC_IMPLEMENTATIONS = YES;
				CLANG_WARN_DIRECT_OBJC_ISA_USAGE = YES_ERROR;
				CLANG_WARN_DOCUMENTATION_COMMENTS = YES;
				CLANG_WARN_EMPTY_BODY = YES;
				CLANG_WARN_ENUM_CONVERSION = YES;
				CLANG_WARN_INFINITE_RECURSION = YES;
				CLANG_WARN_INT_CONVERSION = YES;
				CLANG_WARN_NON_LITERAL_NULL_CONVERSION = YES;
				CLANG_WARN_OBJC_IMPLICIT_RETAIN_SELF = YES;
				CLANG_WARN_OBJC_LITERAL_CONVERSION = YES;
				CLANG_WARN_OBJC_ROOT_CLASS = YES_ERROR;
				CLANG_WARN_QUOTED_INCLUDE_IN_FRAMEWORK_HEADER = YES;
				CLANG_WARN_RANGE_LOOP_ANALYSIS = YES;
				CLANG_WARN_STRICT_PROTOTYPES = YES;
				CLANG_WARN_SUSPICIOUS_MOVE = YES;
				CLANG_WARN_UNGUARDED_AVAILABILITY = YES_AGGRESSIVE;
				CLANG_WARN_UNREACHABLE_CODE = YES;
				CLANG_WARN__DUPLICATE_METHOD_MATCH = YES;
				COPY_PHASE_STRIP = NO;
				DEBUG_INFORMATION_FORMAT = "dwarf-with-dsym";
				ENABLE_NS_ASSERTIONS = NO;
				ENABLE_STRICT_OBJC_MSGSEND = YES;
				ENABLE_USER_SCRIPT_SANDBOXING = YES;
				GCC_C_LANGUAGE_STANDARD = gnu17;
				GCC_NO_COMMON_BLOCKS = YES;
				GCC_WARN_64_TO_32_BIT_CONVERSION = YES;
				GCC_WARN_ABOUT_RETURN_TYPE = YES_ERROR;
				GCC_WARN_UNDECLARED_SELECTOR = YES;
				GCC_WARN_UNINITIALIZED_AUTOS = YES_AGGRESSIVE;
				GCC_WARN_UNUSED_FUNCTION = YES;
				GCC_WARN_UNUSED_VARIABLE = YES;
				IPHONEOS_DEPLOYMENT_TARGET = 17.5;
				LOCALIZATION_PREFERS_STRING_CATALOGS = YES;
				MTL_ENABLE_DEBUG_INFO = NO;
				MTL_FAST_MATH = YES;
				SDKROOT = iphoneos;
				SWIFT_COMPILATION_MODE = wholemodule;
				VALIDATE_PRODUCT = YES;
			};
			name = Release;
		};
		34A23ED42C13CC0A00F7DC4F /* Debug */ = {
			isa = XCBuildConfiguration;
			buildSettings = {
				ASSETCATALOG_COMPILER_APPICON_NAME = AppIcon;
				ASSETCATALOG_COMPILER_GLOBAL_ACCENT_COLOR_NAME = AccentColor;
				CODE_SIGN_STYLE = Automatic;
				CURRENT_PROJECT_VERSION = 1;
				DEVELOPMENT_ASSET_PATHS = "\"UnlimeTest/Preview Content\"";
				DEVELOPMENT_TEAM = QQAB543K7V;
				ENABLE_PREVIEWS = YES;
				GENERATE_INFOPLIST_FILE = YES;
				INFOPLIST_KEY_UIApplicationSceneManifest_Generation = YES;
				INFOPLIST_KEY_UIApplicationSupportsIndirectInputEvents = YES;
				INFOPLIST_KEY_UILaunchScreen_Generation = YES;
				INFOPLIST_KEY_UISupportedInterfaceOrientations_iPad = "UIInterfaceOrientationPortrait UIInterfaceOrientationPortraitUpsideDown UIInterfaceOrientationLandscapeLeft UIInterfaceOrientationLandscapeRight";
				INFOPLIST_KEY_UISupportedInterfaceOrientations_iPhone = "UIInterfaceOrientationPortrait UIInterfaceOrientationLandscapeLeft UIInterfaceOrientationLandscapeRight";
				LD_RUNPATH_SEARCH_PATHS = (
					"$(inherited)",
					"@executable_path/Frameworks",
				);
				MARKETING_VERSION = 1.0;
				PRODUCT_BUNDLE_IDENTIFIER = test.UnlimeTest;
				PRODUCT_NAME = "$(TARGET_NAME)";
				SWIFT_EMIT_LOC_STRINGS = YES;
				SWIFT_VERSION = 5.0;
				TARGETED_DEVICE_FAMILY = "1,2";
			};
			name = Debug;
		};
		34A23ED52C13CC0A00F7DC4F /* Release */ = {
			isa = XCBuildConfiguration;
			buildSettings = {
				ASSETCATALOG_COMPILER_APPICON_NAME = AppIcon;
				ASSETCATALOG_COMPILER_GLOBAL_ACCENT_COLOR_NAME = AccentColor;
				CODE_SIGN_STYLE = Automatic;
				CURRENT_PROJECT_VERSION = 1;
				DEVELOPMENT_ASSET_PATHS = "\"UnlimeTest/Preview Content\"";
				DEVELOPMENT_TEAM = QQAB543K7V;
				ENABLE_PREVIEWS = YES;
				GENERATE_INFOPLIST_FILE = YES;
				INFOPLIST_KEY_UIApplicationSceneManifest_Generation = YES;
				INFOPLIST_KEY_UIApplicationSupportsIndirectInputEvents = YES;
				INFOPLIST_KEY_UILaunchScreen_Generation = YES;
				INFOPLIST_KEY_UISupportedInterfaceOrientations_iPad = "UIInterfaceOrientationPortrait UIInterfaceOrientationPortraitUpsideDown UIInterfaceOrientationLandscapeLeft UIInterfaceOrientationLandscapeRight";
				INFOPLIST_KEY_UISupportedInterfaceOrientations_iPhone = "UIInterfaceOrientationPortrait UIInterfaceOrientationLandscapeLeft UIInterfaceOrientationLandscapeRight";
				LD_RUNPATH_SEARCH_PATHS = (
					"$(inherited)",
					"@executable_path/Frameworks",
				);
				MARKETING_VERSION = 1.0;
				PRODUCT_BUNDLE_IDENTIFIER = test.UnlimeTest;
				PRODUCT_NAME = "$(TARGET_NAME)";
				SWIFT_EMIT_LOC_STRINGS = YES;
				SWIFT_VERSION = 5.0;
				TARGETED_DEVICE_FAMILY = "1,2";
			};
			name = Release;
		};
/* End XCBuildConfiguration section */

/* Begin XCConfigurationList section */
		34A23EC02C13CC0800F7DC4F /* Build configuration list for PBXProject "UnlimeTest" */ = {
			isa = XCConfigurationList;
			buildConfigurations = (
				34A23ED12C13CC0A00F7DC4F /* Debug */,
				34A23ED22C13CC0A00F7DC4F /* Release */,
			);
			defaultConfigurationIsVisible = 0;
			defaultConfigurationName = Release;
		};
		34A23ED32C13CC0A00F7DC4F /* Build configuration list for PBXNativeTarget "UnlimeTest" */ = {
			isa = XCConfigurationList;
			buildConfigurations = (
				34A23ED42C13CC0A00F7DC4F /* Debug */,
				34A23ED52C13CC0A00F7DC4F /* Release */,
			);
			defaultConfigurationIsVisible = 0;
			defaultConfigurationName = Release;
		};
/* End XCConfigurationList section */

/* Begin XCRemoteSwiftPackageReference section */
		344C71692C154C980013FA9A /* XCRemoteSwiftPackageReference "Factory" */ = {
			isa = XCRemoteSwiftPackageReference;
			repositoryURL = "https://github.com/hmlongco/Factory";
			requirement = {
				kind = upToNextMajorVersion;
				minimumVersion = 2.3.2;
			};
		};
		344C71962C156BDE0013FA9A /* XCRemoteSwiftPackageReference "Alamofire" */ = {
			isa = XCRemoteSwiftPackageReference;
			repositoryURL = "https://github.com/Alamofire/Alamofire.git";
			requirement = {
				kind = upToNextMajorVersion;
				minimumVersion = 5.9.1;
			};
		};
		344C719C2C16990B0013FA9A /* XCRemoteSwiftPackageReference "Kingfisher" */ = {
			isa = XCRemoteSwiftPackageReference;
			repositoryURL = "https://github.com/onevcat/Kingfisher.git";
			requirement = {
				kind = upToNextMajorVersion;
				minimumVersion = 7.11.0;
			};
		};
		3490D7222C17DC9E00C6CBB1 /* XCRemoteSwiftPackageReference "stinsen" */ = {
			isa = XCRemoteSwiftPackageReference;
			repositoryURL = "https://github.com/rundfunk47/stinsen";
			requirement = {
				kind = upToNextMajorVersion;
				minimumVersion = 2.0.13;
			};
		};
/* End XCRemoteSwiftPackageReference section */

/* Begin XCSwiftPackageProductDependency section */
		344C716A2C154C990013FA9A /* Factory */ = {
			isa = XCSwiftPackageProductDependency;
			package = 344C71692C154C980013FA9A /* XCRemoteSwiftPackageReference "Factory" */;
			productName = Factory;
		};
		344C71972C156BDF0013FA9A /* Alamofire */ = {
			isa = XCSwiftPackageProductDependency;
			package = 344C71962C156BDE0013FA9A /* XCRemoteSwiftPackageReference "Alamofire" */;
			productName = Alamofire;
		};
		344C719D2C16990B0013FA9A /* Kingfisher */ = {
			isa = XCSwiftPackageProductDependency;
			package = 344C719C2C16990B0013FA9A /* XCRemoteSwiftPackageReference "Kingfisher" */;
			productName = Kingfisher;
		};
		3490D7232C17DC9E00C6CBB1 /* Stinsen */ = {
			isa = XCSwiftPackageProductDependency;
			package = 3490D7222C17DC9E00C6CBB1 /* XCRemoteSwiftPackageReference "stinsen" */;
			productName = Stinsen;
		};
/* End XCSwiftPackageProductDependency section */
	};
	rootObject = 34A23EBD2C13CC0800F7DC4F /* Project object */;
}
